
Microsoft Visual Studio Solution File, Format Version 12.00
# Visual Studio 2013
VisualStudioVersion = 12.0.21005.1
MinimumVisualStudioVersion = 10.0.40219.1
Project("{888888A0-9F3D-457C-B088-3A5042F75D52}") = "ECD", "ECD.pyproj", "{A67D5DB5-A0B7-4BFE-B888-14EF1E3567A4}"
EndProject
Global
	GlobalSection(SolutionConfigurationPlatforms) = preSolution
		Debug|Any CPU = Debug|Any CPU
		Release|Any CPU = Release|Any CPU
	EndGlobalSection
	GlobalSection(ProjectConfigurationPlatforms) = postSolution
		{A67D5DB5-A0B7-4BFE-B888-14EF1E3567A4}.Debug|Any CPU.ActiveCfg = Debug|Any CPU
		{A67D5DB5-A0B7-4BFE-B888-14EF1E3567A4}.Debug|Any CPU.Build.0 = Debug|Any CPU
		{A67D5DB5-A0B7-4BFE-B888-14EF1E3567A4}.Release|Any CPU.ActiveCfg = Release|Any CPU
		{A67D5DB5-A0B7-4BFE-B888-14EF1E3567A4}.Release|Any CPU.Build.0 = Release|Any CPU
	EndGlobalSection
	GlobalSection(SolutionProperties) = preSolution
		HideSolutionNode = FALSE
	EndGlobalSection
EndGlobal
